
Microsoft Visual Studio Solution File, Format Version 12.00
# Visual Studio 15
VisualStudioVersion = 15.0.27130.2024
MinimumVisualStudioVersion = 10.0.40219.1
Project("{D954291E-2A0B-460D-934E-DC6B0785DB48}") = "statestool.SharedProject", "statestool.SharedProject\statestool.SharedProject.shproj", "{9DA568E9-5BAF-4340-B591-B743E3593017}"
EndProject
Project("{D954291E-2A0B-460D-934E-DC6B0785DB48}") = "RoboJetLib.SharedProject", "..\robojets\RoboJetLib\RoboJetLib.SharedProject.shproj", "{EC0F0BD5-6307-4E03-B02D-F31443AB92FE}"
EndProject
Project("{D954291E-2A0B-460D-934E-DC6B0785DB48}") = "LanguageGameDonkey.SharedProject", "..\languagegame\LanguageGameDonkey.SharedProject\LanguageGameDonkey.SharedProject.shproj", "{E7262486-CAF4-4973-AEBF-E94FC3DF6C37}"
EndProject
Project("{D954291E-2A0B-460D-934E-DC6B0785DB48}") = "TassleGameLib.SharedProject", "..\tasslegame\TassleGameLib.SharedProject\TassleGameLib.SharedProject.shproj", "{D6DB4B9E-2F37-498B-8655-2D9F8364F9CF}"
EndProject
Project("{D954291E-2A0B-460D-934E-DC6B0785DB48}") = "WidgetLib", "..\WidgetLib\WidgetLib\WidgetLib.shproj", "{3DF21FB3-A2E5-44BE-975A-321C0FBE3519}"
EndProject
Project("{D954291E-2A0B-460D-934E-DC6B0785DB48}") = "GameDonkeyWidgets", "GameDonkeyWidgets\GameDonkeyWidgets.shproj", "{9AE0F5BE-8505-4D20-B4B8-02D191A0FAF0}"
EndProject
Project("{FAE04EC0-301F-11D3-BF4B-00C04F79EFBC}") = "StatesTool.WindowsDX", "StatesTool.WindowsDX\StatesTool.WindowsDX.csproj", "{7A63FBD8-DCFA-4C9B-8318-F32DA36B62C4}"
EndProject
Project("{D954291E-2A0B-460D-934E-DC6B0785DB48}") = "WeddingGameDonkey.SharedProject", "..\weddinggame\WeddingGameDonkey.SharedProject\WeddingGameDonkey.SharedProject.shproj", "{9DF20236-AB29-467E-9FCD-0A99EDBF2302}"
EndProject
Project("{D954291E-2A0B-460D-934E-DC6B0785DB48}") = "GameDonkey.SharedProject", "..\gamedonkey\GameDonkey\GameDonkey.SharedProject\GameDonkey.SharedProject.shproj", "{A242C23A-06C6-4462-941A-49B5CF426F00}"
EndProject
Global
	GlobalSection(SharedMSBuildProjectFiles) = preSolution
		..\WidgetLib\WidgetLib\WidgetLib.projitems*{3df21fb3-a2e5-44be-975a-321c0fbe3519}*SharedItemsImports = 13
		..\gamedonkey\GameDonkey\GameDonkey.SharedProject\GameDonkey.SharedProject.projitems*{7a63fbd8-dcfa-4c9b-8318-f32da36b62c4}*SharedItemsImports = 4
		..\languagegame\LanguageGameDonkey.SharedProject\LanguageGameDonkey.SharedProject.projitems*{7a63fbd8-dcfa-4c9b-8318-f32da36b62c4}*SharedItemsImports = 4
		..\robojets\RoboJetLib\RoboJetLib.SharedProject.projitems*{7a63fbd8-dcfa-4c9b-8318-f32da36b62c4}*SharedItemsImports = 4
		GameDonkeyWidgets\GameDonkeyWidgets.projitems*{7a63fbd8-dcfa-4c9b-8318-f32da36b62c4}*SharedItemsImports = 4
		statestool.SharedProject\statestool.SharedProject.projitems*{7a63fbd8-dcfa-4c9b-8318-f32da36b62c4}*SharedItemsImports = 4
		..\tasslegame\TassleGameLib.SharedProject\TassleGameLib.SharedProject.projitems*{7a63fbd8-dcfa-4c9b-8318-f32da36b62c4}*SharedItemsImports = 4
		..\weddinggame\WeddingGameDonkey.SharedProject\WeddingGameDonkey.SharedProject.projitems*{7a63fbd8-dcfa-4c9b-8318-f32da36b62c4}*SharedItemsImports = 4
		GameDonkeyWidgets\GameDonkeyWidgets.projitems*{9ae0f5be-8505-4d20-b4b8-02d191a0faf0}*SharedItemsImports = 13
		statestool.SharedProject\statestool.SharedProject.projitems*{9da568e9-5baf-4340-b591-b743e3593017}*SharedItemsImports = 13
		..\weddinggame\WeddingGameDonkey.SharedProject\WeddingGameDonkey.SharedProject.projitems*{9df20236-ab29-467e-9fcd-0a99edbf2302}*SharedItemsImports = 13
		..\gamedonkey\GameDonkey\GameDonkey.SharedProject\GameDonkey.SharedProject.projitems*{a242c23a-06c6-4462-941a-49b5cf426f00}*SharedItemsImports = 13
		..\tasslegame\TassleGameLib.SharedProject\TassleGameLib.SharedProject.projitems*{d6db4b9e-2f37-498b-8655-2d9f8364f9cf}*SharedItemsImports = 13
		..\languagegame\LanguageGameDonkey.SharedProject\LanguageGameDonkey.SharedProject.projitems*{e7262486-caf4-4973-aebf-e94fc3df6c37}*SharedItemsImports = 13
		..\robojets\RoboJetLib\RoboJetLib.SharedProject.projitems*{ec0f0bd5-6307-4e03-b02d-f31443ab92fe}*SharedItemsImports = 13
	EndGlobalSection
	GlobalSection(SolutionConfigurationPlatforms) = preSolution
		Debug|Any CPU = Debug|Any CPU
		Debug|x86 = Debug|x86
		Release|Any CPU = Release|Any CPU
		Release|x86 = Release|x86
	EndGlobalSection
	GlobalSection(ProjectConfigurationPlatforms) = postSolution
		{7A63FBD8-DCFA-4C9B-8318-F32DA36B62C4}.Debug|Any CPU.ActiveCfg = Debug|Any CPU
		{7A63FBD8-DCFA-4C9B-8318-F32DA36B62C4}.Debug|Any CPU.Build.0 = Debug|Any CPU
		{7A63FBD8-DCFA-4C9B-8318-F32DA36B62C4}.Debug|x86.ActiveCfg = Debug|Any CPU
		{7A63FBD8-DCFA-4C9B-8318-F32DA36B62C4}.Debug|x86.Build.0 = Debug|Any CPU
		{7A63FBD8-DCFA-4C9B-8318-F32DA36B62C4}.Release|Any CPU.ActiveCfg = Release|Any CPU
		{7A63FBD8-DCFA-4C9B-8318-F32DA36B62C4}.Release|Any CPU.Build.0 = Release|Any CPU
		{7A63FBD8-DCFA-4C9B-8318-F32DA36B62C4}.Release|x86.ActiveCfg = Release|Any CPU
		{7A63FBD8-DCFA-4C9B-8318-F32DA36B62C4}.Release|x86.Build.0 = Release|Any CPU
	EndGlobalSection
	GlobalSection(SolutionProperties) = preSolution
		HideSolutionNode = FALSE
	EndGlobalSection
	GlobalSection(ExtensibilityGlobals) = postSolution
		SolutionGuid = {456A7AAC-C411-428E-A9E7-5225305890CF}
	EndGlobalSection
EndGlobal
